// !$*UTF8*$!
{
	archiveVersion = 1;
	classes = {
	};
	objectVersion = 46;
	objects = {

/* Begin PBXBuildFile section */
		9F7672E21A286A7F0026E606 /* main.m in Sources */ = {isa = PBXBuildFile; fileRef = 9F7672E11A286A7F0026E606 /* main.m */; };
		9F7672E51A286A7F0026E606 /* AppDelegate.m in Sources */ = {isa = PBXBuildFile; fileRef = 9F7672E41A286A7F0026E606 /* AppDelegate.m */; };
		9F7672E81A286A7F0026E606 /* ViewController.m in Sources */ = {isa = PBXBuildFile; fileRef = 9F7672E71A286A7F0026E606 /* ViewController.m */; };
		9F7672EB1A286A7F0026E606 /* Main.storyboard in Resources */ = {isa = PBXBuildFile; fileRef = 9F7672E91A286A7F0026E606 /* Main.storyboard */; };
		9F7672ED1A286A7F0026E606 /* Images.xcassets in Resources */ = {isa = PBXBuildFile; fileRef = 9F7672EC1A286A7F0026E606 /* Images.xcassets */; };
		9F7672F01A286A7F0026E606 /* LaunchScreen.xib in Resources */ = {isa = PBXBuildFile; fileRef = 9F7672EE1A286A7F0026E606 /* LaunchScreen.xib */; };
		9F7672FC1A286A7F0026E606 /* MultipleStoryboardsAppTests.m in Sources */ = {isa = PBXBuildFile; fileRef = 9F7672FB1A286A7F0026E606 /* MultipleStoryboardsAppTests.m */; };
		9F7673071A286AE70026E606 /* MSALinkedStoryboardSegue.m in Sources */ = {isa = PBXBuildFile; fileRef = 9F7673061A286AE70026E606 /* MSALinkedStoryboardSegue.m */; };
/* End PBXBuildFile section */

/* Begin PBXContainerItemProxy section */
		9F7672F61A286A7F0026E606 /* PBXContainerItemProxy */ = {
			isa = PBXContainerItemProxy;
			containerPortal = 9F7672D41A286A7F0026E606 /* Project object */;
			proxyType = 1;
			remoteGlobalIDString = 9F7672DB1A286A7F0026E606;
			remoteInfo = MultipleStoryboardsApp;
		};
/* End PBXContainerItemProxy section */

/* Begin PBXFileReference section */
		9F7672DC1A286A7F0026E606 /* MultipleStoryboardsApp.app */ = {isa = PBXFileReference; explicitFileType = wrapper.application; includeInIndex = 0; path = MultipleStoryboardsApp.app; sourceTree = BUILT_PRODUCTS_DIR; };
		9F7672E01A286A7F0026E606 /* Info.plist */ = {isa = PBXFileReference; lastKnownFileType = text.plist.xml; path = Info.plist; sourceTree = "<group>"; };
		9F7672E11A286A7F0026E606 /* main.m */ = {isa = PBXFileReference; lastKnownFileType = sourcecode.c.objc; path = main.m; sourceTree = "<group>"; };
		9F7672E31A286A7F0026E606 /* AppDelegate.h */ = {isa = PBXFileReference; lastKnownFileType = sourcecode.c.h; path = AppDelegate.h; sourceTree = "<group>"; };
		9F7672E41A286A7F0026E606 /* AppDelegate.m */ = {isa = PBXFileReference; lastKnownFileType = sourcecode.c.objc; path = AppDelegate.m; sourceTree = "<group>"; };
		9F7672E61A286A7F0026E606 /* ViewController.h */ = {isa = PBXFileReference; lastKnownFileType = sourcecode.c.h; path = ViewController.h; sourceTree = "<group>"; };
		9F7672E71A286A7F0026E606 /* ViewController.m */ = {isa = PBXFileReference; lastKnownFileType = sourcecode.c.objc; path = ViewController.m; sourceTree = "<group>"; };
		9F7672EA1A286A7F0026E606 /* Base */ = {isa = PBXFileReference; lastKnownFileType = file.storyboard; name = Base; path = Base.lproj/Main.storyboard; sourceTree = "<group>"; };
		9F7672EC1A286A7F0026E606 /* Images.xcassets */ = {isa = PBXFileReference; lastKnownFileType = folder.assetcatalog; path = Images.xcassets; sourceTree = "<group>"; };
		9F7672EF1A286A7F0026E606 /* Base */ = {isa = PBXFileReference; lastKnownFileType = file.xib; name = Base; path = Base.lproj/LaunchScreen.xib; sourceTree = "<group>"; };
		9F7672F51A286A7F0026E606 /* MultipleStoryboardsAppTests.xctest */ = {isa = PBXFileReference; explicitFileType = wrapper.cfbundle; includeInIndex = 0; path = MultipleStoryboardsAppTests.xctest; sourceTree = BUILT_PRODUCTS_DIR; };
		9F7672FA1A286A7F0026E606 /* Info.plist */ = {isa = PBXFileReference; lastKnownFileType = text.plist.xml; path = Info.plist; sourceTree = "<group>"; };
		9F7672FB1A286A7F0026E606 /* MultipleStoryboardsAppTests.m */ = {isa = PBXFileReference; lastKnownFileType = sourcecode.c.objc; path = MultipleStoryboardsAppTests.m; sourceTree = "<group>"; };
		9F7673051A286AE70026E606 /* MSALinkedStoryboardSegue.h */ = {isa = PBXFileReference; fileEncoding = 4; lastKnownFileType = sourcecode.c.h; path = MSALinkedStoryboardSegue.h; sourceTree = "<group>"; };
		9F7673061A286AE70026E606 /* MSALinkedStoryboardSegue.m */ = {isa = PBXFileReference; fileEncoding = 4; lastKnownFileType = sourcecode.c.objc; path = MSALinkedStoryboardSegue.m; sourceTree = "<group>"; };
		9F7673081A286B010026E606 /* PrefixHeader.pch */ = {isa = PBXFileReference; lastKnownFileType = sourcecode.c.h; path = PrefixHeader.pch; sourceTree = "<group>"; };
/* End PBXFileReference section */

/* Begin PBXFrameworksBuildPhase section */
		9F7672D91A286A7F0026E606 /* Frameworks */ = {
			isa = PBXFrameworksBuildPhase;
			buildActionMask = 2147483647;
			files = (
			);
			runOnlyForDeploymentPostprocessing = 0;
		};
		9F7672F21A286A7F0026E606 /* Frameworks */ = {
			isa = PBXFrameworksBuildPhase;
			buildActionMask = 2147483647;
			files = (
			);
			runOnlyForDeploymentPostprocessing = 0;
		};
/* End PBXFrameworksBuildPhase section */

/* Begin PBXGroup section */
		9F7672D31A286A7F0026E606 = {
			isa = PBXGroup;
			children = (
				9F7672DE1A286A7F0026E606 /* MultipleStoryboardsApp */,
				9F7672F81A286A7F0026E606 /* MultipleStoryboardsAppTests */,
				9F7672DD1A286A7F0026E606 /* Products */,
			);
			sourceTree = "<group>";
		};
		9F7672DD1A286A7F0026E606 /* Products */ = {
			isa = PBXGroup;
			children = (
				9F7672DC1A286A7F0026E606 /* MultipleStoryboardsApp.app */,
				9F7672F51A286A7F0026E606 /* MultipleStoryboardsAppTests.xctest */,
			);
			name = Products;
			sourceTree = "<group>";
		};
		9F7672DE1A286A7F0026E606 /* MultipleStoryboardsApp */ = {
			isa = PBXGroup;
			children = (
				9F7672E31A286A7F0026E606 /* AppDelegate.h */,
				9F7672E41A286A7F0026E606 /* AppDelegate.m */,
				9F7672E61A286A7F0026E606 /* ViewController.h */,
				9F7672E71A286A7F0026E606 /* ViewController.m */,
				9F7672E91A286A7F0026E606 /* Main.storyboard */,
				9F7673051A286AE70026E606 /* MSALinkedStoryboardSegue.h */,
				9F7673061A286AE70026E606 /* MSALinkedStoryboardSegue.m */,
				9F7673081A286B010026E606 /* PrefixHeader.pch */,
				9F7672EC1A286A7F0026E606 /* Images.xcassets */,
				9F7672EE1A286A7F0026E606 /* LaunchScreen.xib */,
				9F7672DF1A286A7F0026E606 /* Supporting Files */,
			);
			path = MultipleStoryboardsApp;
			sourceTree = "<group>";
		};
		9F7672DF1A286A7F0026E606 /* Supporting Files */ = {
			isa = PBXGroup;
			children = (
				9F7672E01A286A7F0026E606 /* Info.plist */,
				9F7672E11A286A7F0026E606 /* main.m */,
			);
			name = "Supporting Files";
			sourceTree = "<group>";
		};
		9F7672F81A286A7F0026E606 /* MultipleStoryboardsAppTests */ = {
			isa = PBXGroup;
			children = (
				9F7672FB1A286A7F0026E606 /* MultipleStoryboardsAppTests.m */,
				9F7672F91A286A7F0026E606 /* Supporting Files */,
			);
			path = MultipleStoryboardsAppTests;
			sourceTree = "<group>";
		};
		9F7672F91A286A7F0026E606 /* Supporting Files */ = {
			isa = PBXGroup;
			children = (
				9F7672FA1A286A7F0026E606 /* Info.plist */,
			);
			name = "Supporting Files";
			sourceTree = "<group>";
		};
/* End PBXGroup section */

/* Begin PBXNativeTarget section */
		9F7672DB1A286A7F0026E606 /* MultipleStoryboardsApp */ = {
			isa = PBXNativeTarget;
			buildConfigurationList = 9F7672FF1A286A7F0026E606 /* Build configuration list for PBXNativeTarget "MultipleStoryboardsApp" */;
			buildPhases = (
				9F7672D81A286A7F0026E606 /* Sources */,
				9F7672D91A286A7F0026E606 /* Frameworks */,
				9F7672DA1A286A7F0026E606 /* Resources */,
			);
			buildRules = (
			);
			dependencies = (
			);
			name = MultipleStoryboardsApp;
			productName = MultipleStoryboardsApp;
			productReference = 9F7672DC1A286A7F0026E606 /* MultipleStoryboardsApp.app */;
			productType = "com.apple.product-type.application";
		};
		9F7672F41A286A7F0026E606 /* MultipleStoryboardsAppTests */ = {
			isa = PBXNativeTarget;
			buildConfigurationList = 9F7673021A286A7F0026E606 /* Build configuration list for PBXNativeTarget "MultipleStoryboardsAppTests" */;
			buildPhases = (
				9F7672F11A286A7F0026E606 /* Sources */,
				9F7672F21A286A7F0026E606 /* Frameworks */,
				9F7672F31A286A7F0026E606 /* Resources */,
			);
			buildRules = (
			);
			dependencies = (
				9F7672F71A286A7F0026E606 /* PBXTargetDependency */,
			);
			name = MultipleStoryboardsAppTests;
			productName = MultipleStoryboardsAppTests;
			productReference = 9F7672F51A286A7F0026E606 /* MultipleStoryboardsAppTests.xctest */;
			productType = "com.apple.product-type.bundle.unit-test";
		};
/* End PBXNativeTarget section */

/* Begin PBXProject section */
		9F7672D41A286A7F0026E606 /* Project object */ = {
			isa = PBXProject;
			attributes = {
				LastUpgradeCheck = 0610;
				ORGANIZATIONNAME = etolstoy;
				TargetAttributes = {
					9F7672DB1A286A7F0026E606 = {
						CreatedOnToolsVersion = 6.1;
					};
					9F7672F41A286A7F0026E606 = {
						CreatedOnToolsVersion = 6.1;
						TestTargetID = 9F7672DB1A286A7F0026E606;
					};
				};
			};
			buildConfigurationList = 9F7672D71A286A7F0026E606 /* Build configuration list for PBXProject "MultipleStoryboardsApp" */;
			compatibilityVersion = "Xcode 3.2";
			developmentRegion = English;
			hasScannedForEncodings = 0;
			knownRegions = (
				en,
				Base,
			);
			mainGroup = 9F7672D31A286A7F0026E606;
			productRefGroup = 9F7672DD1A286A7F0026E606 /* Products */;
			projectDirPath = "";
			projectRoot = "";
			targets = (
				9F7672DB1A286A7F0026E606 /* MultipleStoryboardsApp */,
				9F7672F41A286A7F0026E606 /* MultipleStoryboardsAppTests */,
			);
		};
/* End PBXProject section */

/* Begin PBXResourcesBuildPhase section */
		9F7672DA1A286A7F0026E606 /* Resources */ = {
			isa = PBXResourcesBuildPhase;
			buildActionMask = 2147483647;
			files = (
				9F7672EB1A286A7F0026E606 /* Main.storyboard in Resources */,
				9F7672F01A286A7F0026E606 /* LaunchScreen.xib in Resources */,
				9F7672ED1A286A7F0026E606 /* Images.xcassets in Resources */,
			);
			runOnlyForDeploymentPostprocessing = 0;
		};
		9F7672F31A286A7F0026E606 /* Resources */ = {
			isa = PBXResourcesBuildPhase;
			buildActionMask = 2147483647;
			files = (
			);
			runOnlyForDeploymentPostprocessing = 0;
		};
/* End PBXResourcesBuildPhase section */

/* Begin PBXSourcesBuildPhase section */
		9F7672D81A286A7F0026E606 /* Sources */ = {
			isa = PBXSourcesBuildPhase;
			buildActionMask = 2147483647;
			files = (
				9F7672E81A286A7F0026E606 /* ViewController.m in Sources */,
				9F7672E51A286A7F0026E606 /* AppDelegate.m in Sources */,
				9F7672E21A286A7F0026E606 /* main.m in Sources */,
				9F7673071A286AE70026E606 /* MSALinkedStoryboardSegue.m in Sources */,
			);
			runOnlyForDeploymentPostprocessing = 0;
		};
		9F7672F11A286A7F0026E606 /* Sources */ = {
			isa = PBXSourcesBuildPhase;
			buildActionMask = 2147483647;
			files = (
				9F7672FC1A286A7F0026E606 /* MultipleStoryboardsAppTests.m in Sources */,
			);
			runOnlyForDeploymentPostprocessing = 0;
		};
/* End PBXSourcesBuildPhase section */

/* Begin PBXTargetDependency section */
		9F7672F71A286A7F0026E606 /* PBXTargetDependency */ = {
			isa = PBXTargetDependency;
			target = 9F7672DB1A286A7F0026E606 /* MultipleStoryboardsApp */;
			targetProxy = 9F7672F61A286A7F0026E606 /* PBXContainerItemProxy */;
		};
/* End PBXTargetDependency section */

/* Begin PBXVariantGroup section */
		9F7672E91A286A7F0026E606 /* Main.storyboard */ = {
			isa = PBXVariantGroup;
			children = (
				9F7672EA1A286A7F0026E606 /* Base */,
			);
			name = Main.storyboard;
			sourceTree = "<group>";
		};
		9F7672EE1A286A7F0026E606 /* LaunchScreen.xib */ = {
			isa = PBXVariantGroup;
			children = (
				9F7672EF1A286A7F0026E606 /* Base */,
			);
			name = LaunchScreen.xib;
			sourceTree = "<group>";
		};
/* End PBXVariantGroup section */

/* Begin XCBuildConfiguration section */
		9F7672FD1A286A7F0026E606 /* Debug */ = {
			isa = XCBuildConfiguration;
			buildSettings = {
				ALWAYS_SEARCH_USER_PATHS = NO;
				CLANG_CXX_LANGUAGE_STANDARD = "gnu++0x";
				CLANG_CXX_LIBRARY = "libc++";
				CLANG_ENABLE_MODULES = YES;
				CLANG_ENABLE_OBJC_ARC = YES;
				CLANG_WARN_BOOL_CONVERSION = YES;
				CLANG_WARN_CONSTANT_CONVERSION = YES;
				CLANG_WARN_DIRECT_OBJC_ISA_USAGE = YES_ERROR;
				CLANG_WARN_EMPTY_BODY = YES;
				CLANG_WARN_ENUM_CONVERSION = YES;
				CLANG_WARN_INT_CONVERSION = YES;
				CLANG_WARN_OBJC_ROOT_CLASS = YES_ERROR;
				CLANG_WARN_UNREACHABLE_CODE = YES;
				CLANG_WARN__DUPLICATE_METHOD_MATCH = YES;
				"CODE_SIGN_IDENTITY[sdk=iphoneos*]" = "iPhone Developer";
				COPY_PHASE_STRIP = NO;
				ENABLE_STRICT_OBJC_MSGSEND = YES;
				GCC_C_LANGUAGE_STANDARD = gnu99;
				GCC_DYNAMIC_NO_PIC = NO;
				GCC_OPTIMIZATION_LEVEL = 0;
				GCC_PREPROCESSOR_DEFINITIONS = (
					"DEBUG=1",
					"$(inherited)",
				);
				GCC_SYMBOLS_PRIVATE_EXTERN = NO;
				GCC_WARN_64_TO_32_BIT_CONVERSION = YES;
				GCC_WARN_ABOUT_RETURN_TYPE = YES_ERROR;
				GCC_WARN_UNDECLARED_SELECTOR = YES;
				GCC_WARN_UNINITIALIZED_AUTOS = YES_AGGRESSIVE;
				GCC_WARN_UNUSED_FUNCTION = YES;
				GCC_WARN_UNUSED_VARIABLE = YES;
				IPHONEOS_DEPLOYMENT_TARGET = 8.1;
				MTL_ENABLE_DEBUG_INFO = YES;
				ONLY_ACTIVE_ARCH = YES;
				SDKROOT = iphoneos;
			};
			name = Debug;
		};
		9F7672FE1A286A7F0026E606 /* Release */ = {
			isa = XCBuildConfiguration;
			buildSettings = {
				ALWAYS_SEARCH_USER_PATHS = NO;
				CLANG_CXX_LANGUAGE_STANDARD = "gnu++0x";
				CLANG_CXX_LIBRARY = "libc++";
				CLANG_ENABLE_MODULES = YES;
				CLANG_ENABLE_OBJC_ARC = YES;
				CLANG_WARN_BOOL_CONVERSION = YES;
				CLANG_WARN_CONSTANT_CONVERSION = YES;
				CLANG_WARN_DIRECT_OBJC_ISA_USAGE = YES_ERROR;
				CLANG_WARN_EMPTY_BODY = YES;
				CLANG_WARN_ENUM_CONVERSION = YES;
				CLANG_WARN_INT_CONVERSION = YES;
				CLANG_WARN_OBJC_ROOT_CLASS = YES_ERROR;
				CLANG_WARN_UNREACHABLE_CODE = YES;
				CLANG_WARN__DUPLICATE_METHOD_MATCH = YES;
				"CODE_SIGN_IDENTITY[sdk=iphoneos*]" = "iPhone Developer";
				COPY_PHASE_STRIP = YES;
				ENABLE_NS_ASSERTIONS = NO;
				ENABLE_STRICT_OBJC_MSGSEND = YES;
				GCC_C_LANGUAGE_STANDARD = gnu99;
				GCC_WARN_64_TO_32_BIT_CONVERSION = YES;
				GCC_WARN_ABOUT_RETURN_TYPE = YES_ERROR;
				GCC_WARN_UNDECLARED_SELECTOR = YES;
				GCC_WARN_UNINITIALIZED_AUTOS = YES_AGGRESSIVE;
				GCC_WARN_UNUSED_FUNCTION = YES;
				GCC_WARN_UNUSED_VARIABLE = YES;
				IPHONEOS_DEPLOYMENT_TARGET = 8.1;
				MTL_ENABLE_DEBUG_INFO = NO;
				SDKROOT = iphoneos;
				VALIDATE_PRODUCT = YES;
			};
			name = Release;
		};
		9F7673001A286A7F0026E606 /* Debug */ = {
			isa = XCBuildConfiguration;
			buildSettings = {
				ASSETCATALOG_COMPILER_APPICON_NAME = AppIcon;
				GCC_PREFIX_HEADER = MultipleStoryboardsApp/PrefixHeader.pch;
				INFOPLIST_FILE = MultipleStoryboardsApp/Info.plist;
				LD_RUNPATH_SEARCH_PATHS = "$(inherited) @executable_path/Frameworks";
				PRODUCT_NAME = "$(TARGET_NAME)";
			};
			name = Debug;
		};
		9F7673011A286A7F0026E606 /* Release */ = {
			isa = XCBuildConfiguration;
			buildSettings = {
				ASSETCATALOG_COMPILER_APPICON_NAME = AppIcon;
				GCC_PREFIX_HEADER = MultipleStoryboardsApp/PrefixHeader.pch;
				INFOPLIST_FILE = MultipleStoryboardsApp/Info.plist;
				LD_RUNPATH_SEARCH_PATHS = "$(inherited) @executable_path/Frameworks";
				PRODUCT_NAME = "$(TARGET_NAME)";
			};
			name = Release;
		};
		9F7673031A286A7F0026E606 /* Debug */ = {
			isa = XCBuildConfiguration;
			buildSettings = {
				BUNDLE_LOADER = "$(TEST_HOST)";
				FRAMEWORK_SEARCH_PATHS = (
					"$(SDKROOT)/Developer/Library/Frameworks",
					"$(inherited)",
				);
				GCC_PREPROCESSOR_DEFINITIONS = (
					"DEBUG=1",
					"$(inherited)",
				);
				INFOPLIST_FILE = MultipleStoryboardsAppTests/Info.plist;
				LD_RUNPATH_SEARCH_PATHS = "$(inherited) @executable_path/Frameworks @loader_path/Frameworks";
				PRODUCT_NAME = "$(TARGET_NAME)";
				TEST_HOST = "$(BUILT_PRODUCTS_DIR)/MultipleStoryboardsApp.app/MultipleStoryboardsApp";
			};
			name = Debug;
		};
		9F7673041A286A7F0026E606 /* Release */ = {
			isa = XCBuildConfiguration;
			buildSettings = {
				BUNDLE_LOADER = "$(TEST_HOST)";
				FRAMEWORK_SEARCH_PATHS = (
					"$(SDKROOT)/Developer/Library/Frameworks",
					"$(inherited)",
				);
				INFOPLIST_FILE = MultipleStoryboardsAppTests/Info.plist;
				LD_RUNPATH_SEARCH_PATHS = "$(inherited) @executable_path/Frameworks @loader_path/Frameworks";
				PRODUCT_NAME = "$(TARGET_NAME)";
				TEST_HOST = "$(BUILT_PRODUCTS_DIR)/MultipleStoryboardsApp.app/MultipleStoryboardsApp";
			};
			name = Release;
		};
/* End XCBuildConfiguration section */

/* Begin XCConfigurationList section */
		9F7672D71A286A7F0026E606 /* Build configuration list for PBXProject "MultipleStoryboardsApp" */ = {
			isa = XCConfigurationList;
			buildConfigurations = (
				9F7672FD1A286A7F0026E606 /* Debug */,
				9F7672FE1A286A7F0026E606 /* Release */,
			);
			defaultConfigurationIsVisible = 0;
			defaultConfigurationName = Release;
		};
		9F7672FF1A286A7F0026E606 /* Build configuration list for PBXNativeTarget "MultipleStoryboardsApp" */ = {
			isa = XCConfigurationList;
			buildConfigurations = (
				9F7673001A286A7F0026E606 /* Debug */,
				9F7673011A286A7F0026E606 /* Release */,
			);
			defaultConfigurationIsVisible = 0;
		};
		9F7673021A286A7F0026E606 /* Build configuration list for PBXNativeTarget "MultipleStoryboardsAppTests" */ = {
			isa = XCConfigurationList;
			buildConfigurations = (
				9F7673031A286A7F0026E606 /* Debug */,
				9F7673041A286A7F0026E606 /* Release */,
			);
			defaultConfigurationIsVisible = 0;
		};
/* End XCConfigurationList section */
	};
	rootObject = 9F7672D41A286A7F0026E606 /* Project object */;
}
