// !$*UTF8*$!
{
	archiveVersion = 1;
	classes = {
	};
	objectVersion = 46;
	objects = {

/* Begin PBXBuildFile section */
		76CE2F0D0B44BBBE961A6953 /* libPods.a in Frameworks */ = {isa = PBXBuildFile; fileRef = C2D3841BCECF9BF5FEFF1EDC /* libPods.a */; };
		9F30D21D1A31D01000163650 /* MSALinkedStoryboardModalSegue.m in Sources */ = {isa = PBXBuildFile; fileRef = 9F30D21C1A31D01000163650 /* MSALinkedStoryboardModalSegue.m */; };
		9F5B1ECA1A3040920054DE3D /* AppDelegate.m in Sources */ = {isa = PBXBuildFile; fileRef = 9F5B1EBF1A3040920054DE3D /* AppDelegate.m */; };
		9F5B1ECB1A3040920054DE3D /* MSAMainAssembly.m in Sources */ = {isa = PBXBuildFile; fileRef = 9F5B1EC21A3040920054DE3D /* MSAMainAssembly.m */; };
		9F5B1ECC1A3040920054DE3D /* MSACatBreed.m in Sources */ = {isa = PBXBuildFile; fileRef = 9F5B1EC51A3040920054DE3D /* MSACatBreed.m */; };
		9F5B1ECD1A3040920054DE3D /* MSARouter.m in Sources */ = {isa = PBXBuildFile; fileRef = 9F5B1EC81A3040920054DE3D /* MSARouter.m */; };
		9F5B1EE51A3040990054DE3D /* MSAJsonGeneratorBreedsClient.m in Sources */ = {isa = PBXBuildFile; fileRef = 9F5B1ED11A3040990054DE3D /* MSAJsonGeneratorBreedsClient.m */; };
		9F5B1EE61A3040990054DE3D /* MSABreedsAssembly.m in Sources */ = {isa = PBXBuildFile; fileRef = 9F5B1ED41A3040990054DE3D /* MSABreedsAssembly.m */; };
		9F5B1EE71A3040990054DE3D /* Breeds.storyboard in Resources */ = {isa = PBXBuildFile; fileRef = 9F5B1ED61A3040990054DE3D /* Breeds.storyboard */; };
		9F5B1EE81A3040990054DE3D /* MSABreedsRouterImplementation.m in Sources */ = {isa = PBXBuildFile; fileRef = 9F5B1EDA1A3040990054DE3D /* MSABreedsRouterImplementation.m */; };
		9F5B1EE91A3040990054DE3D /* MSABreedsDetailViewController.m in Sources */ = {isa = PBXBuildFile; fileRef = 9F5B1EDE1A3040990054DE3D /* MSABreedsDetailViewController.m */; };
		9F5B1EEB1A3040990054DE3D /* MSABreedsTableViewController.m in Sources */ = {isa = PBXBuildFile; fileRef = 9F5B1EE41A3040990054DE3D /* MSABreedsTableViewController.m */; };
		9F5B1EFC1A3040A30054DE3D /* MSABestCatAssembly.m in Sources */ = {isa = PBXBuildFile; fileRef = 9F5B1EEE1A3040A30054DE3D /* MSABestCatAssembly.m */; };
		9F5B1EFD1A3040A30054DE3D /* BestCat.storyboard in Resources */ = {isa = PBXBuildFile; fileRef = 9F5B1EF01A3040A30054DE3D /* BestCat.storyboard */; };
		9F5B1EFE1A3040A30054DE3D /* MSABestCatRouterImplementation.m in Sources */ = {isa = PBXBuildFile; fileRef = 9F5B1EF41A3040A30054DE3D /* MSABestCatRouterImplementation.m */; };
		9F5B1F001A3040A30054DE3D /* MSABestCatViewController.m in Sources */ = {isa = PBXBuildFile; fileRef = 9F5B1EFB1A3040A30054DE3D /* MSABestCatViewController.m */; };
		9F5B1F141A3040A90054DE3D /* MSAPhotosAssembly.m in Sources */ = {isa = PBXBuildFile; fileRef = 9F5B1F031A3040A90054DE3D /* MSAPhotosAssembly.m */; };
		9F5B1F151A3040A90054DE3D /* Photos.storyboard in Resources */ = {isa = PBXBuildFile; fileRef = 9F5B1F051A3040A90054DE3D /* Photos.storyboard */; };
		9F5B1F161A3040A90054DE3D /* MSAPhotosRouterImplementation.m in Sources */ = {isa = PBXBuildFile; fileRef = 9F5B1F091A3040A90054DE3D /* MSAPhotosRouterImplementation.m */; };
		9F5B1F171A3040A90054DE3D /* MSAPhotoGalleryCollectionViewCell.m in Sources */ = {isa = PBXBuildFile; fileRef = 9F5B1F0E1A3040A90054DE3D /* MSAPhotoGalleryCollectionViewCell.m */; };
		9F5B1F181A3040A90054DE3D /* MSAPhotoGalleryViewController.m in Sources */ = {isa = PBXBuildFile; fileRef = 9F5B1F101A3040A90054DE3D /* MSAPhotoGalleryViewController.m */; };
		9F5B1F191A3040A90054DE3D /* MSAPhotoViewController.m in Sources */ = {isa = PBXBuildFile; fileRef = 9F5B1F131A3040A90054DE3D /* MSAPhotoViewController.m */; };
		9F5B1F2E1A3040B10054DE3D /* MSASettingsAssembly.m in Sources */ = {isa = PBXBuildFile; fileRef = 9F5B1F1C1A3040B10054DE3D /* MSASettingsAssembly.m */; };
		9F5B1F2F1A3040B10054DE3D /* MSAWarningViewController.xib in Resources */ = {isa = PBXBuildFile; fileRef = 9F5B1F1E1A3040B10054DE3D /* MSAWarningViewController.xib */; };
		9F5B1F301A3040B10054DE3D /* Settings.storyboard in Resources */ = {isa = PBXBuildFile; fileRef = 9F5B1F1F1A3040B10054DE3D /* Settings.storyboard */; };
		9F5B1F311A3040B10054DE3D /* MSASettingsRouterImplementation.m in Sources */ = {isa = PBXBuildFile; fileRef = 9F5B1F231A3040B10054DE3D /* MSASettingsRouterImplementation.m */; };
		9F5B1F331A3040B10054DE3D /* MSASettingsTableViewController.m in Sources */ = {isa = PBXBuildFile; fileRef = 9F5B1F2A1A3040B10054DE3D /* MSASettingsTableViewController.m */; };
		9F5B1F341A3040B10054DE3D /* MSAWarningViewController.m in Sources */ = {isa = PBXBuildFile; fileRef = 9F5B1F2D1A3040B10054DE3D /* MSAWarningViewController.m */; };
		9F7672E21A286A7F0026E606 /* main.m in Sources */ = {isa = PBXBuildFile; fileRef = 9F7672E11A286A7F0026E606 /* main.m */; };
		9F7672F01A286A7F0026E606 /* LaunchScreen.xib in Resources */ = {isa = PBXBuildFile; fileRef = 9F7672EE1A286A7F0026E606 /* LaunchScreen.xib */; };
		9FB7F0BE1A2DFE710062E52B /* Main.storyboard in Resources */ = {isa = PBXBuildFile; fileRef = 9FB7F0851A2DFE710062E52B /* Main.storyboard */; };
		9FB7F0C21A2DFE710062E52B /* MSALinkedStoryboardSegue.m in Sources */ = {isa = PBXBuildFile; fileRef = 9FB7F0901A2DFE710062E52B /* MSALinkedStoryboardSegue.m */; };
		9FB7F0C31A2DFE710062E52B /* UIViewController+Routing.m in Sources */ = {isa = PBXBuildFile; fileRef = 9FB7F0931A2DFE710062E52B /* UIViewController+Routing.m */; };
		9FB7F0CA1A2DFE710062E52B /* best-cat.png in Resources */ = {isa = PBXBuildFile; fileRef = 9FB7F0A21A2DFE710062E52B /* best-cat.png */; };
		9FB7F0CB1A2DFE710062E52B /* Images.xcassets in Resources */ = {isa = PBXBuildFile; fileRef = 9FB7F0A31A2DFE710062E52B /* Images.xcassets */; };
		9FB7F0D51A2DFF750062E52B /* MSAStoryboardsIdentifiers.m in Sources */ = {isa = PBXBuildFile; fileRef = 9FB7F0D41A2DFF750062E52B /* MSAStoryboardsIdentifiers.m */; };
/* End PBXBuildFile section */

/* Begin PBXFileReference section */
		57FADD0C02FD1A9735EF3B85 /* Pods.debug.xcconfig */ = {isa = PBXFileReference; includeInIndex = 1; lastKnownFileType = text.xcconfig; name = Pods.debug.xcconfig; path = "Pods/Target Support Files/Pods/Pods.debug.xcconfig"; sourceTree = "<group>"; };
		9F30D21B1A31D01000163650 /* MSALinkedStoryboardModalSegue.h */ = {isa = PBXFileReference; fileEncoding = 4; lastKnownFileType = sourcecode.c.h; path = MSALinkedStoryboardModalSegue.h; sourceTree = "<group>"; };
		9F30D21C1A31D01000163650 /* MSALinkedStoryboardModalSegue.m */ = {isa = PBXFileReference; fileEncoding = 4; lastKnownFileType = sourcecode.c.objc; path = MSALinkedStoryboardModalSegue.m; sourceTree = "<group>"; };
		9F5B1EBE1A3040920054DE3D /* AppDelegate.h */ = {isa = PBXFileReference; fileEncoding = 4; lastKnownFileType = sourcecode.c.h; path = AppDelegate.h; sourceTree = "<group>"; };
		9F5B1EBF1A3040920054DE3D /* AppDelegate.m */ = {isa = PBXFileReference; fileEncoding = 4; lastKnownFileType = sourcecode.c.objc; path = AppDelegate.m; sourceTree = "<group>"; };
		9F5B1EC11A3040920054DE3D /* MSAMainAssembly.h */ = {isa = PBXFileReference; fileEncoding = 4; lastKnownFileType = sourcecode.c.h; path = MSAMainAssembly.h; sourceTree = "<group>"; };
		9F5B1EC21A3040920054DE3D /* MSAMainAssembly.m */ = {isa = PBXFileReference; fileEncoding = 4; lastKnownFileType = sourcecode.c.objc; path = MSAMainAssembly.m; sourceTree = "<group>"; };
		9F5B1EC41A3040920054DE3D /* MSACatBreed.h */ = {isa = PBXFileReference; fileEncoding = 4; lastKnownFileType = sourcecode.c.h; path = MSACatBreed.h; sourceTree = "<group>"; };
		9F5B1EC51A3040920054DE3D /* MSACatBreed.m */ = {isa = PBXFileReference; fileEncoding = 4; lastKnownFileType = sourcecode.c.objc; path = MSACatBreed.m; sourceTree = "<group>"; };
		9F5B1EC71A3040920054DE3D /* MSARouter.h */ = {isa = PBXFileReference; fileEncoding = 4; lastKnownFileType = sourcecode.c.h; path = MSARouter.h; sourceTree = "<group>"; };
		9F5B1EC81A3040920054DE3D /* MSARouter.m */ = {isa = PBXFileReference; fileEncoding = 4; lastKnownFileType = sourcecode.c.objc; path = MSARouter.m; sourceTree = "<group>"; };
		9F5B1EC91A3040920054DE3D /* MSARoutingProtocol.h */ = {isa = PBXFileReference; fileEncoding = 4; lastKnownFileType = sourcecode.c.h; path = MSARoutingProtocol.h; sourceTree = "<group>"; };
		9F5B1ECF1A3040990054DE3D /* MSABreedsClient.h */ = {isa = PBXFileReference; fileEncoding = 4; lastKnownFileType = sourcecode.c.h; path = MSABreedsClient.h; sourceTree = "<group>"; };
		9F5B1ED01A3040990054DE3D /* MSAJsonGeneratorBreedsClient.h */ = {isa = PBXFileReference; fileEncoding = 4; lastKnownFileType = sourcecode.c.h; path = MSAJsonGeneratorBreedsClient.h; sourceTree = "<group>"; };
		9F5B1ED11A3040990054DE3D /* MSAJsonGeneratorBreedsClient.m */ = {isa = PBXFileReference; fileEncoding = 4; lastKnownFileType = sourcecode.c.objc; path = MSAJsonGeneratorBreedsClient.m; sourceTree = "<group>"; };
		9F5B1ED31A3040990054DE3D /* MSABreedsAssembly.h */ = {isa = PBXFileReference; fileEncoding = 4; lastKnownFileType = sourcecode.c.h; path = MSABreedsAssembly.h; sourceTree = "<group>"; };
		9F5B1ED41A3040990054DE3D /* MSABreedsAssembly.m */ = {isa = PBXFileReference; fileEncoding = 4; lastKnownFileType = sourcecode.c.objc; path = MSABreedsAssembly.m; sourceTree = "<group>"; };
		9F5B1ED61A3040990054DE3D /* Breeds.storyboard */ = {isa = PBXFileReference; fileEncoding = 4; lastKnownFileType = file.storyboard; path = Breeds.storyboard; sourceTree = "<group>"; };
		9F5B1ED81A3040990054DE3D /* MSABreedsRouter.h */ = {isa = PBXFileReference; fileEncoding = 4; lastKnownFileType = sourcecode.c.h; path = MSABreedsRouter.h; sourceTree = "<group>"; };
		9F5B1ED91A3040990054DE3D /* MSABreedsRouterImplementation.h */ = {isa = PBXFileReference; fileEncoding = 4; lastKnownFileType = sourcecode.c.h; path = MSABreedsRouterImplementation.h; sourceTree = "<group>"; };
		9F5B1EDA1A3040990054DE3D /* MSABreedsRouterImplementation.m */ = {isa = PBXFileReference; fileEncoding = 4; lastKnownFileType = sourcecode.c.objc; path = MSABreedsRouterImplementation.m; sourceTree = "<group>"; };
		9F5B1EDD1A3040990054DE3D /* MSABreedsDetailViewController.h */ = {isa = PBXFileReference; fileEncoding = 4; lastKnownFileType = sourcecode.c.h; path = MSABreedsDetailViewController.h; sourceTree = "<group>"; };
		9F5B1EDE1A3040990054DE3D /* MSABreedsDetailViewController.m */ = {isa = PBXFileReference; fileEncoding = 4; lastKnownFileType = sourcecode.c.objc; path = MSABreedsDetailViewController.m; sourceTree = "<group>"; };
		9F5B1EE31A3040990054DE3D /* MSABreedsTableViewController.h */ = {isa = PBXFileReference; fileEncoding = 4; lastKnownFileType = sourcecode.c.h; path = MSABreedsTableViewController.h; sourceTree = "<group>"; };
		9F5B1EE41A3040990054DE3D /* MSABreedsTableViewController.m */ = {isa = PBXFileReference; fileEncoding = 4; lastKnownFileType = sourcecode.c.objc; path = MSABreedsTableViewController.m; sourceTree = "<group>"; };
		9F5B1EED1A3040A30054DE3D /* MSABestCatAssembly.h */ = {isa = PBXFileReference; fileEncoding = 4; lastKnownFileType = sourcecode.c.h; path = MSABestCatAssembly.h; sourceTree = "<group>"; };
		9F5B1EEE1A3040A30054DE3D /* MSABestCatAssembly.m */ = {isa = PBXFileReference; fileEncoding = 4; lastKnownFileType = sourcecode.c.objc; path = MSABestCatAssembly.m; sourceTree = "<group>"; };
		9F5B1EF01A3040A30054DE3D /* BestCat.storyboard */ = {isa = PBXFileReference; fileEncoding = 4; lastKnownFileType = file.storyboard; path = BestCat.storyboard; sourceTree = "<group>"; };
		9F5B1EF21A3040A30054DE3D /* MSABestCatRouter.h */ = {isa = PBXFileReference; fileEncoding = 4; lastKnownFileType = sourcecode.c.h; path = MSABestCatRouter.h; sourceTree = "<group>"; };
		9F5B1EF31A3040A30054DE3D /* MSABestCatRouterImplementation.h */ = {isa = PBXFileReference; fileEncoding = 4; lastKnownFileType = sourcecode.c.h; path = MSABestCatRouterImplementation.h; sourceTree = "<group>"; };
		9F5B1EF41A3040A30054DE3D /* MSABestCatRouterImplementation.m */ = {isa = PBXFileReference; fileEncoding = 4; lastKnownFileType = sourcecode.c.objc; path = MSABestCatRouterImplementation.m; sourceTree = "<group>"; };
		9F5B1EFA1A3040A30054DE3D /* MSABestCatViewController.h */ = {isa = PBXFileReference; fileEncoding = 4; lastKnownFileType = sourcecode.c.h; path = MSABestCatViewController.h; sourceTree = "<group>"; };
		9F5B1EFB1A3040A30054DE3D /* MSABestCatViewController.m */ = {isa = PBXFileReference; fileEncoding = 4; lastKnownFileType = sourcecode.c.objc; path = MSABestCatViewController.m; sourceTree = "<group>"; };
		9F5B1F021A3040A90054DE3D /* MSAPhotosAssembly.h */ = {isa = PBXFileReference; fileEncoding = 4; lastKnownFileType = sourcecode.c.h; path = MSAPhotosAssembly.h; sourceTree = "<group>"; };
		9F5B1F031A3040A90054DE3D /* MSAPhotosAssembly.m */ = {isa = PBXFileReference; fileEncoding = 4; lastKnownFileType = sourcecode.c.objc; path = MSAPhotosAssembly.m; sourceTree = "<group>"; };
		9F5B1F051A3040A90054DE3D /* Photos.storyboard */ = {isa = PBXFileReference; fileEncoding = 4; lastKnownFileType = file.storyboard; path = Photos.storyboard; sourceTree = "<group>"; };
		9F5B1F071A3040A90054DE3D /* MSAPhotosRouter.h */ = {isa = PBXFileReference; fileEncoding = 4; lastKnownFileType = sourcecode.c.h; path = MSAPhotosRouter.h; sourceTree = "<group>"; };
		9F5B1F081A3040A90054DE3D /* MSAPhotosRouterImplementation.h */ = {isa = PBXFileReference; fileEncoding = 4; lastKnownFileType = sourcecode.c.h; path = MSAPhotosRouterImplementation.h; sourceTree = "<group>"; };
		9F5B1F091A3040A90054DE3D /* MSAPhotosRouterImplementation.m */ = {isa = PBXFileReference; fileEncoding = 4; lastKnownFileType = sourcecode.c.objc; path = MSAPhotosRouterImplementation.m; sourceTree = "<group>"; };
		9F5B1F0D1A3040A90054DE3D /* MSAPhotoGalleryCollectionViewCell.h */ = {isa = PBXFileReference; fileEncoding = 4; lastKnownFileType = sourcecode.c.h; path = MSAPhotoGalleryCollectionViewCell.h; sourceTree = "<group>"; };
		9F5B1F0E1A3040A90054DE3D /* MSAPhotoGalleryCollectionViewCell.m */ = {isa = PBXFileReference; fileEncoding = 4; lastKnownFileType = sourcecode.c.objc; path = MSAPhotoGalleryCollectionViewCell.m; sourceTree = "<group>"; };
		9F5B1F0F1A3040A90054DE3D /* MSAPhotoGalleryViewController.h */ = {isa = PBXFileReference; fileEncoding = 4; lastKnownFileType = sourcecode.c.h; path = MSAPhotoGalleryViewController.h; sourceTree = "<group>"; };
		9F5B1F101A3040A90054DE3D /* MSAPhotoGalleryViewController.m */ = {isa = PBXFileReference; fileEncoding = 4; lastKnownFileType = sourcecode.c.objc; path = MSAPhotoGalleryViewController.m; sourceTree = "<group>"; };
		9F5B1F121A3040A90054DE3D /* MSAPhotoViewController.h */ = {isa = PBXFileReference; fileEncoding = 4; lastKnownFileType = sourcecode.c.h; path = MSAPhotoViewController.h; sourceTree = "<group>"; };
		9F5B1F131A3040A90054DE3D /* MSAPhotoViewController.m */ = {isa = PBXFileReference; fileEncoding = 4; lastKnownFileType = sourcecode.c.objc; path = MSAPhotoViewController.m; sourceTree = "<group>"; };
		9F5B1F1B1A3040B10054DE3D /* MSASettingsAssembly.h */ = {isa = PBXFileReference; fileEncoding = 4; lastKnownFileType = sourcecode.c.h; path = MSASettingsAssembly.h; sourceTree = "<group>"; };
		9F5B1F1C1A3040B10054DE3D /* MSASettingsAssembly.m */ = {isa = PBXFileReference; fileEncoding = 4; lastKnownFileType = sourcecode.c.objc; path = MSASettingsAssembly.m; sourceTree = "<group>"; };
		9F5B1F1E1A3040B10054DE3D /* MSAWarningViewController.xib */ = {isa = PBXFileReference; fileEncoding = 4; lastKnownFileType = file.xib; path = MSAWarningViewController.xib; sourceTree = "<group>"; };
		9F5B1F1F1A3040B10054DE3D /* Settings.storyboard */ = {isa = PBXFileReference; fileEncoding = 4; lastKnownFileType = file.storyboard; path = Settings.storyboard; sourceTree = "<group>"; };
		9F5B1F211A3040B10054DE3D /* MSASettingsRouter.h */ = {isa = PBXFileReference; fileEncoding = 4; lastKnownFileType = sourcecode.c.h; path = MSASettingsRouter.h; sourceTree = "<group>"; };
		9F5B1F221A3040B10054DE3D /* MSASettingsRouterImplementation.h */ = {isa = PBXFileReference; fileEncoding = 4; lastKnownFileType = sourcecode.c.h; path = MSASettingsRouterImplementation.h; sourceTree = "<group>"; };
		9F5B1F231A3040B10054DE3D /* MSASettingsRouterImplementation.m */ = {isa = PBXFileReference; fileEncoding = 4; lastKnownFileType = sourcecode.c.objc; path = MSASettingsRouterImplementation.m; sourceTree = "<group>"; };
		9F5B1F291A3040B10054DE3D /* MSASettingsTableViewController.h */ = {isa = PBXFileReference; fileEncoding = 4; lastKnownFileType = sourcecode.c.h; path = MSASettingsTableViewController.h; sourceTree = "<group>"; };
		9F5B1F2A1A3040B10054DE3D /* MSASettingsTableViewController.m */ = {isa = PBXFileReference; fileEncoding = 4; lastKnownFileType = sourcecode.c.objc; path = MSASettingsTableViewController.m; sourceTree = "<group>"; };
		9F5B1F2C1A3040B10054DE3D /* MSAWarningViewController.h */ = {isa = PBXFileReference; fileEncoding = 4; lastKnownFileType = sourcecode.c.h; path = MSAWarningViewController.h; sourceTree = "<group>"; };
		9F5B1F2D1A3040B10054DE3D /* MSAWarningViewController.m */ = {isa = PBXFileReference; fileEncoding = 4; lastKnownFileType = sourcecode.c.objc; path = MSAWarningViewController.m; sourceTree = "<group>"; };
		9F7672DC1A286A7F0026E606 /* MultipleStoryboardsApp.app */ = {isa = PBXFileReference; explicitFileType = wrapper.application; includeInIndex = 0; path = MultipleStoryboardsApp.app; sourceTree = BUILT_PRODUCTS_DIR; };
		9F7672E01A286A7F0026E606 /* Info.plist */ = {isa = PBXFileReference; lastKnownFileType = text.plist.xml; path = Info.plist; sourceTree = "<group>"; };
		9F7672E11A286A7F0026E606 /* main.m */ = {isa = PBXFileReference; lastKnownFileType = sourcecode.c.objc; path = main.m; sourceTree = "<group>"; };
		9F7672EF1A286A7F0026E606 /* Base */ = {isa = PBXFileReference; lastKnownFileType = file.xib; name = Base; path = Base.lproj/LaunchScreen.xib; sourceTree = "<group>"; };
		9F7673081A286B010026E606 /* PrefixHeader.pch */ = {isa = PBXFileReference; lastKnownFileType = sourcecode.c.h; path = PrefixHeader.pch; sourceTree = "<group>"; };
		9FB7F0851A2DFE710062E52B /* Main.storyboard */ = {isa = PBXFileReference; fileEncoding = 4; lastKnownFileType = file.storyboard; path = Main.storyboard; sourceTree = "<group>"; };
		9FB7F08F1A2DFE710062E52B /* MSALinkedStoryboardSegue.h */ = {isa = PBXFileReference; fileEncoding = 4; lastKnownFileType = sourcecode.c.h; path = MSALinkedStoryboardSegue.h; sourceTree = "<group>"; };
		9FB7F0901A2DFE710062E52B /* MSALinkedStoryboardSegue.m */ = {isa = PBXFileReference; fileEncoding = 4; lastKnownFileType = sourcecode.c.objc; path = MSALinkedStoryboardSegue.m; sourceTree = "<group>"; };
		9FB7F0921A2DFE710062E52B /* UIViewController+Routing.h */ = {isa = PBXFileReference; fileEncoding = 4; lastKnownFileType = sourcecode.c.h; path = "UIViewController+Routing.h"; sourceTree = "<group>"; };
		9FB7F0931A2DFE710062E52B /* UIViewController+Routing.m */ = {isa = PBXFileReference; fileEncoding = 4; lastKnownFileType = sourcecode.c.objc; path = "UIViewController+Routing.m"; sourceTree = "<group>"; };
		9FB7F0A21A2DFE710062E52B /* best-cat.png */ = {isa = PBXFileReference; lastKnownFileType = image.png; path = "best-cat.png"; sourceTree = "<group>"; };
		9FB7F0A31A2DFE710062E52B /* Images.xcassets */ = {isa = PBXFileReference; lastKnownFileType = folder.assetcatalog; path = Images.xcassets; sourceTree = "<group>"; };
		9FB7F0D31A2DFF750062E52B /* MSAStoryboardsIdentifiers.h */ = {isa = PBXFileReference; fileEncoding = 4; lastKnownFileType = sourcecode.c.h; path = MSAStoryboardsIdentifiers.h; sourceTree = "<group>"; };
		9FB7F0D41A2DFF750062E52B /* MSAStoryboardsIdentifiers.m */ = {isa = PBXFileReference; fileEncoding = 4; lastKnownFileType = sourcecode.c.objc; path = MSAStoryboardsIdentifiers.m; sourceTree = "<group>"; };
		C2D3841BCECF9BF5FEFF1EDC /* libPods.a */ = {isa = PBXFileReference; explicitFileType = archive.ar; includeInIndex = 0; path = libPods.a; sourceTree = BUILT_PRODUCTS_DIR; };
		CD3136D3FAA1C7F01B7DC3FB /* Pods.release.xcconfig */ = {isa = PBXFileReference; includeInIndex = 1; lastKnownFileType = text.xcconfig; name = Pods.release.xcconfig; path = "Pods/Target Support Files/Pods/Pods.release.xcconfig"; sourceTree = "<group>"; };
/* End PBXFileReference section */

/* Begin PBXFrameworksBuildPhase section */
		9F7672D91A286A7F0026E606 /* Frameworks */ = {
			isa = PBXFrameworksBuildPhase;
			buildActionMask = 2147483647;
			files = (
				76CE2F0D0B44BBBE961A6953 /* libPods.a in Frameworks */,
			);
			runOnlyForDeploymentPostprocessing = 0;
		};
/* End PBXFrameworksBuildPhase section */

/* Begin PBXGroup section */
		5A5553CDBB7C31E709BA6F48 /* Pods */ = {
			isa = PBXGroup;
			children = (
				57FADD0C02FD1A9735EF3B85 /* Pods.debug.xcconfig */,
				CD3136D3FAA1C7F01B7DC3FB /* Pods.release.xcconfig */,
			);
			name = Pods;
			sourceTree = "<group>";
		};
		9F5B1EBD1A3040920054DE3D /* AppDelegate */ = {
			isa = PBXGroup;
			children = (
				9F5B1EBE1A3040920054DE3D /* AppDelegate.h */,
				9F5B1EBF1A3040920054DE3D /* AppDelegate.m */,
			);
			path = AppDelegate;
			sourceTree = "<group>";
		};
		9F5B1EC01A3040920054DE3D /* Assembly */ = {
			isa = PBXGroup;
			children = (
				9F5B1EC11A3040920054DE3D /* MSAMainAssembly.h */,
				9F5B1EC21A3040920054DE3D /* MSAMainAssembly.m */,
			);
			path = Assembly;
			sourceTree = "<group>";
		};
		9F5B1EC31A3040920054DE3D /* Data Model */ = {
			isa = PBXGroup;
			children = (
				9F5B1EC41A3040920054DE3D /* MSACatBreed.h */,
				9F5B1EC51A3040920054DE3D /* MSACatBreed.m */,
			);
			path = "Data Model";
			sourceTree = "<group>";
		};
		9F5B1EC61A3040920054DE3D /* Router */ = {
			isa = PBXGroup;
			children = (
				9F5B1EC71A3040920054DE3D /* MSARouter.h */,
				9F5B1EC81A3040920054DE3D /* MSARouter.m */,
				9F5B1EC91A3040920054DE3D /* MSARoutingProtocol.h */,
			);
			path = Router;
			sourceTree = "<group>";
		};
		9F5B1ECE1A3040990054DE3D /* API Client */ = {
			isa = PBXGroup;
			children = (
				9F5B1ECF1A3040990054DE3D /* MSABreedsClient.h */,
				9F5B1ED01A3040990054DE3D /* MSAJsonGeneratorBreedsClient.h */,
				9F5B1ED11A3040990054DE3D /* MSAJsonGeneratorBreedsClient.m */,
			);
			path = "API Client";
			sourceTree = "<group>";
		};
		9F5B1ED21A3040990054DE3D /* Assembly */ = {
			isa = PBXGroup;
			children = (
				9F5B1ED31A3040990054DE3D /* MSABreedsAssembly.h */,
				9F5B1ED41A3040990054DE3D /* MSABreedsAssembly.m */,
			);
			path = Assembly;
			sourceTree = "<group>";
		};
		9F5B1ED51A3040990054DE3D /* Interface */ = {
			isa = PBXGroup;
			children = (
				9F5B1ED61A3040990054DE3D /* Breeds.storyboard */,
			);
			path = Interface;
			sourceTree = "<group>";
		};
		9F5B1ED71A3040990054DE3D /* Router */ = {
			isa = PBXGroup;
			children = (
				9F5B1ED81A3040990054DE3D /* MSABreedsRouter.h */,
				9F5B1ED91A3040990054DE3D /* MSABreedsRouterImplementation.h */,
				9F5B1EDA1A3040990054DE3D /* MSABreedsRouterImplementation.m */,
			);
			path = Router;
			sourceTree = "<group>";
		};
		9F5B1EDB1A3040990054DE3D /* View Controllers */ = {
			isa = PBXGroup;
			children = (
				9F5B1EDC1A3040990054DE3D /* MSABreedsDetailViewController */,
				9F5B1EE21A3040990054DE3D /* MSABreedsTableViewController */,
			);
			path = "View Controllers";
			sourceTree = "<group>";
		};
		9F5B1EDC1A3040990054DE3D /* MSABreedsDetailViewController */ = {
			isa = PBXGroup;
			children = (
				9F5B1EDD1A3040990054DE3D /* MSABreedsDetailViewController.h */,
				9F5B1EDE1A3040990054DE3D /* MSABreedsDetailViewController.m */,
			);
			path = MSABreedsDetailViewController;
			sourceTree = "<group>";
		};
		9F5B1EE21A3040990054DE3D /* MSABreedsTableViewController */ = {
			isa = PBXGroup;
			children = (
				9F5B1EE31A3040990054DE3D /* MSABreedsTableViewController.h */,
				9F5B1EE41A3040990054DE3D /* MSABreedsTableViewController.m */,
			);
			path = MSABreedsTableViewController;
			sourceTree = "<group>";
		};
		9F5B1EEC1A3040A30054DE3D /* Assembly */ = {
			isa = PBXGroup;
			children = (
				9F5B1EED1A3040A30054DE3D /* MSABestCatAssembly.h */,
				9F5B1EEE1A3040A30054DE3D /* MSABestCatAssembly.m */,
			);
			path = Assembly;
			sourceTree = "<group>";
		};
		9F5B1EEF1A3040A30054DE3D /* Interface */ = {
			isa = PBXGroup;
			children = (
				9F5B1EF01A3040A30054DE3D /* BestCat.storyboard */,
			);
			path = Interface;
			sourceTree = "<group>";
		};
		9F5B1EF11A3040A30054DE3D /* Router */ = {
			isa = PBXGroup;
			children = (
				9F5B1EF21A3040A30054DE3D /* MSABestCatRouter.h */,
				9F5B1EF31A3040A30054DE3D /* MSABestCatRouterImplementation.h */,
				9F5B1EF41A3040A30054DE3D /* MSABestCatRouterImplementation.m */,
			);
			path = Router;
			sourceTree = "<group>";
		};
		9F5B1EF51A3040A30054DE3D /* View Controllers */ = {
			isa = PBXGroup;
			children = (
				9F5B1EF91A3040A30054DE3D /* MSABestCatViewController */,
			);
			path = "View Controllers";
			sourceTree = "<group>";
		};
		9F5B1EF91A3040A30054DE3D /* MSABestCatViewController */ = {
			isa = PBXGroup;
			children = (
				9F5B1EFA1A3040A30054DE3D /* MSABestCatViewController.h */,
				9F5B1EFB1A3040A30054DE3D /* MSABestCatViewController.m */,
			);
			path = MSABestCatViewController;
			sourceTree = "<group>";
		};
		9F5B1F011A3040A90054DE3D /* Assembly */ = {
			isa = PBXGroup;
			children = (
				9F5B1F021A3040A90054DE3D /* MSAPhotosAssembly.h */,
				9F5B1F031A3040A90054DE3D /* MSAPhotosAssembly.m */,
			);
			path = Assembly;
			sourceTree = "<group>";
		};
		9F5B1F041A3040A90054DE3D /* Interface */ = {
			isa = PBXGroup;
			children = (
				9F5B1F051A3040A90054DE3D /* Photos.storyboard */,
			);
			path = Interface;
			sourceTree = "<group>";
		};
		9F5B1F061A3040A90054DE3D /* Router */ = {
			isa = PBXGroup;
			children = (
				9F5B1F071A3040A90054DE3D /* MSAPhotosRouter.h */,
				9F5B1F081A3040A90054DE3D /* MSAPhotosRouterImplementation.h */,
				9F5B1F091A3040A90054DE3D /* MSAPhotosRouterImplementation.m */,
			);
			path = Router;
			sourceTree = "<group>";
		};
		9F5B1F0A1A3040A90054DE3D /* View Controllers */ = {
			isa = PBXGroup;
			children = (
				9F5B1F0B1A3040A90054DE3D /* MSAPhotoGalleryViewController */,
				9F5B1F111A3040A90054DE3D /* MSAPhotoViewController */,
			);
			path = "View Controllers";
			sourceTree = "<group>";
		};
		9F5B1F0B1A3040A90054DE3D /* MSAPhotoGalleryViewController */ = {
			isa = PBXGroup;
			children = (
				9F5B1F0C1A3040A90054DE3D /* Cells */,
				9F5B1F0F1A3040A90054DE3D /* MSAPhotoGalleryViewController.h */,
				9F5B1F101A3040A90054DE3D /* MSAPhotoGalleryViewController.m */,
			);
			path = MSAPhotoGalleryViewController;
			sourceTree = "<group>";
		};
		9F5B1F0C1A3040A90054DE3D /* Cells */ = {
			isa = PBXGroup;
			children = (
				9F5B1F0D1A3040A90054DE3D /* MSAPhotoGalleryCollectionViewCell.h */,
				9F5B1F0E1A3040A90054DE3D /* MSAPhotoGalleryCollectionViewCell.m */,
			);
			path = Cells;
			sourceTree = "<group>";
		};
		9F5B1F111A3040A90054DE3D /* MSAPhotoViewController */ = {
			isa = PBXGroup;
			children = (
				9F5B1F121A3040A90054DE3D /* MSAPhotoViewController.h */,
				9F5B1F131A3040A90054DE3D /* MSAPhotoViewController.m */,
			);
			path = MSAPhotoViewController;
			sourceTree = "<group>";
		};
		9F5B1F1A1A3040B10054DE3D /* Assembly */ = {
			isa = PBXGroup;
			children = (
				9F5B1F1B1A3040B10054DE3D /* MSASettingsAssembly.h */,
				9F5B1F1C1A3040B10054DE3D /* MSASettingsAssembly.m */,
			);
			path = Assembly;
			sourceTree = "<group>";
		};
		9F5B1F1D1A3040B10054DE3D /* Interface */ = {
			isa = PBXGroup;
			children = (
				9F5B1F1E1A3040B10054DE3D /* MSAWarningViewController.xib */,
				9F5B1F1F1A3040B10054DE3D /* Settings.storyboard */,
			);
			path = Interface;
			sourceTree = "<group>";
		};
		9F5B1F201A3040B10054DE3D /* Router */ = {
			isa = PBXGroup;
			children = (
				9F5B1F211A3040B10054DE3D /* MSASettingsRouter.h */,
				9F5B1F221A3040B10054DE3D /* MSASettingsRouterImplementation.h */,
				9F5B1F231A3040B10054DE3D /* MSASettingsRouterImplementation.m */,
			);
			path = Router;
			sourceTree = "<group>";
		};
		9F5B1F241A3040B10054DE3D /* View Controllers */ = {
			isa = PBXGroup;
			children = (
				9F5B1F281A3040B10054DE3D /* MSASettingsTableViewController */,
				9F5B1F2B1A3040B10054DE3D /* MSAWarningViewController */,
			);
			path = "View Controllers";
			sourceTree = "<group>";
		};
		9F5B1F281A3040B10054DE3D /* MSASettingsTableViewController */ = {
			isa = PBXGroup;
			children = (
				9F5B1F291A3040B10054DE3D /* MSASettingsTableViewController.h */,
				9F5B1F2A1A3040B10054DE3D /* MSASettingsTableViewController.m */,
			);
			path = MSASettingsTableViewController;
			sourceTree = "<group>";
		};
		9F5B1F2B1A3040B10054DE3D /* MSAWarningViewController */ = {
			isa = PBXGroup;
			children = (
				9F5B1F2C1A3040B10054DE3D /* MSAWarningViewController.h */,
				9F5B1F2D1A3040B10054DE3D /* MSAWarningViewController.m */,
			);
			path = MSAWarningViewController;
			sourceTree = "<group>";
		};
		9F7672D31A286A7F0026E606 = {
			isa = PBXGroup;
			children = (
				9F7672DE1A286A7F0026E606 /* MultipleStoryboardsApp */,
				9F7672DD1A286A7F0026E606 /* Products */,
				5A5553CDBB7C31E709BA6F48 /* Pods */,
				C1DF46171F68219EE2ACBEC7 /* Frameworks */,
			);
			sourceTree = "<group>";
		};
		9F7672DD1A286A7F0026E606 /* Products */ = {
			isa = PBXGroup;
			children = (
				9F7672DC1A286A7F0026E606 /* MultipleStoryboardsApp.app */,
			);
			name = Products;
			sourceTree = "<group>";
		};
		9F7672DE1A286A7F0026E606 /* MultipleStoryboardsApp */ = {
			isa = PBXGroup;
			children = (
				9FB7F0841A2DFE710062E52B /* Common */,
				9FB7F0741A2DFE710062E52B /* Breeds User Story */,
				9FB7F0691A2DFE710062E52B /* Best Cat User Story */,
				9FB7F0941A2DFE710062E52B /* Photos User Story */,
				9FB7F0A41A2DFE710062E52B /* Settings User Story */,
				9FB7F05F1A2DF0650062E52B /* Constants */,
				9FB7F08D1A2DFE710062E52B /* Extensions */,
				9FB7F0A11A2DFE710062E52B /* Resources */,
				9F7672DF1A286A7F0026E606 /* Supporting Files */,
			);
			path = MultipleStoryboardsApp;
			sourceTree = "<group>";
		};
		9F7672DF1A286A7F0026E606 /* Supporting Files */ = {
			isa = PBXGroup;
			children = (
				9F7672EE1A286A7F0026E606 /* LaunchScreen.xib */,
				9F7673081A286B010026E606 /* PrefixHeader.pch */,
				9F7672E01A286A7F0026E606 /* Info.plist */,
				9F7672E11A286A7F0026E606 /* main.m */,
			);
			name = "Supporting Files";
			sourceTree = "<group>";
		};
		9FB7F05F1A2DF0650062E52B /* Constants */ = {
			isa = PBXGroup;
			children = (
				9FB7F0D31A2DFF750062E52B /* MSAStoryboardsIdentifiers.h */,
				9FB7F0D41A2DFF750062E52B /* MSAStoryboardsIdentifiers.m */,
			);
			path = Constants;
			sourceTree = "<group>";
		};
		9FB7F0691A2DFE710062E52B /* Best Cat User Story */ = {
			isa = PBXGroup;
			children = (
				9F5B1EEC1A3040A30054DE3D /* Assembly */,
				9F5B1EEF1A3040A30054DE3D /* Interface */,
				9F5B1EF11A3040A30054DE3D /* Router */,
				9F5B1EF51A3040A30054DE3D /* View Controllers */,
			);
			path = "Best Cat User Story";
			sourceTree = "<group>";
		};
		9FB7F0741A2DFE710062E52B /* Breeds User Story */ = {
			isa = PBXGroup;
			children = (
				9F5B1ECE1A3040990054DE3D /* API Client */,
				9F5B1ED21A3040990054DE3D /* Assembly */,
				9F5B1ED51A3040990054DE3D /* Interface */,
				9F5B1ED71A3040990054DE3D /* Router */,
				9F5B1EDB1A3040990054DE3D /* View Controllers */,
			);
			path = "Breeds User Story";
			sourceTree = "<group>";
		};
		9FB7F0841A2DFE710062E52B /* Common */ = {
			isa = PBXGroup;
			children = (
				9F5B1EBD1A3040920054DE3D /* AppDelegate */,
				9F5B1EC01A3040920054DE3D /* Assembly */,
				9F5B1EC31A3040920054DE3D /* Data Model */,
				9F5B1EC61A3040920054DE3D /* Router */,
				9FB7F0851A2DFE710062E52B /* Main.storyboard */,
			);
			path = Common;
			sourceTree = "<group>";
		};
		9FB7F08D1A2DFE710062E52B /* Extensions */ = {
			isa = PBXGroup;
			children = (
				9FB7F08E1A2DFE710062E52B /* MSALinkedStoryboardSegue */,
				9FB7F0911A2DFE710062E52B /* UIViewController+Routing */,
			);
			path = Extensions;
			sourceTree = "<group>";
		};
		9FB7F08E1A2DFE710062E52B /* MSALinkedStoryboardSegue */ = {
			isa = PBXGroup;
			children = (
				9FB7F08F1A2DFE710062E52B /* MSALinkedStoryboardSegue.h */,
				9FB7F0901A2DFE710062E52B /* MSALinkedStoryboardSegue.m */,
				9F30D21B1A31D01000163650 /* MSALinkedStoryboardModalSegue.h */,
				9F30D21C1A31D01000163650 /* MSALinkedStoryboardModalSegue.m */,
			);
			path = MSALinkedStoryboardSegue;
			sourceTree = "<group>";
		};
		9FB7F0911A2DFE710062E52B /* UIViewController+Routing */ = {
			isa = PBXGroup;
			children = (
				9FB7F0921A2DFE710062E52B /* UIViewController+Routing.h */,
				9FB7F0931A2DFE710062E52B /* UIViewController+Routing.m */,
			);
			path = "UIViewController+Routing";
			sourceTree = "<group>";
		};
		9FB7F0941A2DFE710062E52B /* Photos User Story */ = {
			isa = PBXGroup;
			children = (
				9F5B1F011A3040A90054DE3D /* Assembly */,
				9F5B1F041A3040A90054DE3D /* Interface */,
				9F5B1F061A3040A90054DE3D /* Router */,
				9F5B1F0A1A3040A90054DE3D /* View Controllers */,
			);
			path = "Photos User Story";
			sourceTree = "<group>";
		};
		9FB7F0A11A2DFE710062E52B /* Resources */ = {
			isa = PBXGroup;
			children = (
				9FB7F0A21A2DFE710062E52B /* best-cat.png */,
				9FB7F0A31A2DFE710062E52B /* Images.xcassets */,
			);
			path = Resources;
			sourceTree = "<group>";
		};
		9FB7F0A41A2DFE710062E52B /* Settings User Story */ = {
			isa = PBXGroup;
			children = (
				9F5B1F1A1A3040B10054DE3D /* Assembly */,
				9F5B1F1D1A3040B10054DE3D /* Interface */,
				9F5B1F201A3040B10054DE3D /* Router */,
				9F5B1F241A3040B10054DE3D /* View Controllers */,
			);
			path = "Settings User Story";
			sourceTree = "<group>";
		};
		C1DF46171F68219EE2ACBEC7 /* Frameworks */ = {
			isa = PBXGroup;
			children = (
				C2D3841BCECF9BF5FEFF1EDC /* libPods.a */,
			);
			name = Frameworks;
			sourceTree = "<group>";
		};
/* End PBXGroup section */

/* Begin PBXNativeTarget section */
		9F7672DB1A286A7F0026E606 /* MultipleStoryboardsApp */ = {
			isa = PBXNativeTarget;
			buildConfigurationList = 9F7672FF1A286A7F0026E606 /* Build configuration list for PBXNativeTarget "MultipleStoryboardsApp" */;
			buildPhases = (
				9FB7F0591A2DEA2C0062E52B /* Storyboard Constants Script */,
				58D630A2E96F8AE09B7F38C1 /* Check Pods Manifest.lock */,
				9F7672D81A286A7F0026E606 /* Sources */,
				9F7672D91A286A7F0026E606 /* Frameworks */,
				9F7672DA1A286A7F0026E606 /* Resources */,
				94CC88565E9DDDAAE56E428D /* Copy Pods Resources */,
			);
			buildRules = (
			);
			dependencies = (
			);
			name = MultipleStoryboardsApp;
			productName = MultipleStoryboardsApp;
			productReference = 9F7672DC1A286A7F0026E606 /* MultipleStoryboardsApp.app */;
			productType = "com.apple.product-type.application";
		};
/* End PBXNativeTarget section */

/* Begin PBXProject section */
		9F7672D41A286A7F0026E606 /* Project object */ = {
			isa = PBXProject;
			attributes = {
				LastUpgradeCheck = 0610;
				ORGANIZATIONNAME = etolstoy;
				TargetAttributes = {
					9F7672DB1A286A7F0026E606 = {
						CreatedOnToolsVersion = 6.1;
					};
				};
			};
			buildConfigurationList = 9F7672D71A286A7F0026E606 /* Build configuration list for PBXProject "MultipleStoryboardsApp" */;
			compatibilityVersion = "Xcode 3.2";
			developmentRegion = English;
			hasScannedForEncodings = 0;
			knownRegions = (
				en,
				Base,
			);
			mainGroup = 9F7672D31A286A7F0026E606;
			productRefGroup = 9F7672DD1A286A7F0026E606 /* Products */;
			projectDirPath = "";
			projectRoot = "";
			targets = (
				9F7672DB1A286A7F0026E606 /* MultipleStoryboardsApp */,
			);
		};
/* End PBXProject section */

/* Begin PBXResourcesBuildPhase section */
		9F7672DA1A286A7F0026E606 /* Resources */ = {
			isa = PBXResourcesBuildPhase;
			buildActionMask = 2147483647;
			files = (
				9F5B1F151A3040A90054DE3D /* Photos.storyboard in Resources */,
				9F7672F01A286A7F0026E606 /* LaunchScreen.xib in Resources */,
				9FB7F0CB1A2DFE710062E52B /* Images.xcassets in Resources */,
				9F5B1F2F1A3040B10054DE3D /* MSAWarningViewController.xib in Resources */,
				9FB7F0CA1A2DFE710062E52B /* best-cat.png in Resources */,
				9F5B1EFD1A3040A30054DE3D /* BestCat.storyboard in Resources */,
				9F5B1F301A3040B10054DE3D /* Settings.storyboard in Resources */,
				9FB7F0BE1A2DFE710062E52B /* Main.storyboard in Resources */,
				9F5B1EE71A3040990054DE3D /* Breeds.storyboard in Resources */,
			);
			runOnlyForDeploymentPostprocessing = 0;
		};
/* End PBXResourcesBuildPhase section */

/* Begin PBXShellScriptBuildPhase section */
		58D630A2E96F8AE09B7F38C1 /* Check Pods Manifest.lock */ = {
			isa = PBXShellScriptBuildPhase;
			buildActionMask = 2147483647;
			files = (
			);
			inputPaths = (
			);
			name = "Check Pods Manifest.lock";
			outputPaths = (
			);
			runOnlyForDeploymentPostprocessing = 0;
			shellPath = /bin/sh;
			shellScript = "diff \"${PODS_ROOT}/../Podfile.lock\" \"${PODS_ROOT}/Manifest.lock\" > /dev/null\nif [[ $? != 0 ]] ; then\n    cat << EOM\nerror: The sandbox is not in sync with the Podfile.lock. Run 'pod install' or update your CocoaPods installation.\nEOM\n    exit 1\nfi\n";
			showEnvVarsInLog = 0;
		};
		94CC88565E9DDDAAE56E428D /* Copy Pods Resources */ = {
			isa = PBXShellScriptBuildPhase;
			buildActionMask = 2147483647;
			files = (
			);
			inputPaths = (
			);
			name = "Copy Pods Resources";
			outputPaths = (
			);
			runOnlyForDeploymentPostprocessing = 0;
			shellPath = /bin/sh;
			shellScript = "\"${SRCROOT}/Pods/Target Support Files/Pods/Pods-resources.sh\"\n";
			showEnvVarsInLog = 0;
		};
		9FB7F0591A2DEA2C0062E52B /* Storyboard Constants Script */ = {
			isa = PBXShellScriptBuildPhase;
			buildActionMask = 2147483647;
			files = (
			);
			inputPaths = (
				"$(SRCROOT)/MultipleStoryboardsApp/Common/Main.storyboard",
				"$(SRCROOT)/MultipleStoryboardsApp/Breeds User Story/Interface/Breeds.storyboard",
				"$(SRCROOT)/MultipleStoryboardsApp/Best Cat User Story/Interface/BestCat.storyboard",
				"$(SRCROOT)/MultipleStoryboardsApp/Photos User Story/Interface/Photos.storyboard",
				"$(SRCROOT)/MultipleStoryboardsApp/Settings User Story/Interface/Settings.storyboard",
			);
			name = "Storyboard Constants Script";
			outputPaths = (
				"$(PROJECT_DIR)/MultipleStoryboardsApp/Constants/MSAStoryboardsIdentifiers.h",
				"$(PROJECT_DIR)/MultipleStoryboardsApp/Constants/MSAStoryboardsIdentifiers.m",
			);
			runOnlyForDeploymentPostprocessing = 0;
			shellPath = /bin/sh;
			shellScript = "mkdir -p \"${PROJECT_DIR}/MultipleStoryboardsApp/Constants\"\n\npython \"${PROJECT_DIR}/Scripts/generate_constants.py\" \"${SCRIPT_OUTPUT_FILE_0}\" \"${SCRIPT_OUTPUT_FILE_1}\"";
		};
/* End PBXShellScriptBuildPhase section */

/* Begin PBXSourcesBuildPhase section */
		9F7672D81A286A7F0026E606 /* Sources */ = {
			isa = PBXSourcesBuildPhase;
			buildActionMask = 2147483647;
			files = (
				9F5B1F171A3040A90054DE3D /* MSAPhotoGalleryCollectionViewCell.m in Sources */,
				9F5B1EE51A3040990054DE3D /* MSAJsonGeneratorBreedsClient.m in Sources */,
				9F5B1ECD1A3040920054DE3D /* MSARouter.m in Sources */,
				9F5B1F161A3040A90054DE3D /* MSAPhotosRouterImplementation.m in Sources */,
				9F5B1EFE1A3040A30054DE3D /* MSABestCatRouterImplementation.m in Sources */,
				9F5B1ECB1A3040920054DE3D /* MSAMainAssembly.m in Sources */,
				9F5B1F191A3040A90054DE3D /* MSAPhotoViewController.m in Sources */,
				9F5B1F311A3040B10054DE3D /* MSASettingsRouterImplementation.m in Sources */,
				9F7672E21A286A7F0026E606 /* main.m in Sources */,
				9F5B1EE61A3040990054DE3D /* MSABreedsAssembly.m in Sources */,
				9FB7F0C21A2DFE710062E52B /* MSALinkedStoryboardSegue.m in Sources */,
				9F5B1EE91A3040990054DE3D /* MSABreedsDetailViewController.m in Sources */,
				9F5B1F331A3040B10054DE3D /* MSASettingsTableViewController.m in Sources */,
				9F5B1F001A3040A30054DE3D /* MSABestCatViewController.m in Sources */,
				9FB7F0C31A2DFE710062E52B /* UIViewController+Routing.m in Sources */,
				9F5B1EEB1A3040990054DE3D /* MSABreedsTableViewController.m in Sources */,
				9FB7F0D51A2DFF750062E52B /* MSAStoryboardsIdentifiers.m in Sources */,
				9F5B1ECC1A3040920054DE3D /* MSACatBreed.m in Sources */,
				9F5B1F2E1A3040B10054DE3D /* MSASettingsAssembly.m in Sources */,
				9F30D21D1A31D01000163650 /* MSALinkedStoryboardModalSegue.m in Sources */,
				9F5B1ECA1A3040920054DE3D /* AppDelegate.m in Sources */,
				9F5B1F181A3040A90054DE3D /* MSAPhotoGalleryViewController.m in Sources */,
				9F5B1EFC1A3040A30054DE3D /* MSABestCatAssembly.m in Sources */,
				9F5B1EE81A3040990054DE3D /* MSABreedsRouterImplementation.m in Sources */,
				9F5B1F141A3040A90054DE3D /* MSAPhotosAssembly.m in Sources */,
				9F5B1F341A3040B10054DE3D /* MSAWarningViewController.m in Sources */,
			);
			runOnlyForDeploymentPostprocessing = 0;
		};
/* End PBXSourcesBuildPhase section */

/* Begin PBXVariantGroup section */
		9F7672EE1A286A7F0026E606 /* LaunchScreen.xib */ = {
			isa = PBXVariantGroup;
			children = (
				9F7672EF1A286A7F0026E606 /* Base */,
			);
			name = LaunchScreen.xib;
			sourceTree = "<group>";
		};
/* End PBXVariantGroup section */

/* Begin XCBuildConfiguration section */
		9F7672FD1A286A7F0026E606 /* Debug */ = {
			isa = XCBuildConfiguration;
			buildSettings = {
				ALWAYS_SEARCH_USER_PATHS = NO;
				CLANG_CXX_LANGUAGE_STANDARD = "gnu++0x";
				CLANG_CXX_LIBRARY = "libc++";
				CLANG_ENABLE_MODULES = YES;
				CLANG_ENABLE_OBJC_ARC = YES;
				CLANG_WARN_BOOL_CONVERSION = YES;
				CLANG_WARN_CONSTANT_CONVERSION = YES;
				CLANG_WARN_DIRECT_OBJC_ISA_USAGE = YES_ERROR;
				CLANG_WARN_EMPTY_BODY = YES;
				CLANG_WARN_ENUM_CONVERSION = YES;
				CLANG_WARN_INT_CONVERSION = YES;
				CLANG_WARN_OBJC_ROOT_CLASS = YES_ERROR;
				CLANG_WARN_UNREACHABLE_CODE = YES;
				CLANG_WARN__DUPLICATE_METHOD_MATCH = YES;
				"CODE_SIGN_IDENTITY[sdk=iphoneos*]" = "iPhone Developer";
				COPY_PHASE_STRIP = NO;
				ENABLE_STRICT_OBJC_MSGSEND = YES;
				GCC_C_LANGUAGE_STANDARD = gnu99;
				GCC_DYNAMIC_NO_PIC = NO;
				GCC_OPTIMIZATION_LEVEL = 0;
				GCC_PREPROCESSOR_DEFINITIONS = (
					"DEBUG=1",
					"$(inherited)",
				);
				GCC_SYMBOLS_PRIVATE_EXTERN = NO;
				GCC_WARN_64_TO_32_BIT_CONVERSION = YES;
				GCC_WARN_ABOUT_RETURN_TYPE = YES_ERROR;
				GCC_WARN_UNDECLARED_SELECTOR = YES;
				GCC_WARN_UNINITIALIZED_AUTOS = YES_AGGRESSIVE;
				GCC_WARN_UNUSED_FUNCTION = YES;
				GCC_WARN_UNUSED_VARIABLE = YES;
				IPHONEOS_DEPLOYMENT_TARGET = 8.1;
				MTL_ENABLE_DEBUG_INFO = YES;
				ONLY_ACTIVE_ARCH = YES;
				SDKROOT = iphoneos;
			};
			name = Debug;
		};
		9F7672FE1A286A7F0026E606 /* Release */ = {
			isa = XCBuildConfiguration;
			buildSettings = {
				ALWAYS_SEARCH_USER_PATHS = NO;
				CLANG_CXX_LANGUAGE_STANDARD = "gnu++0x";
				CLANG_CXX_LIBRARY = "libc++";
				CLANG_ENABLE_MODULES = YES;
				CLANG_ENABLE_OBJC_ARC = YES;
				CLANG_WARN_BOOL_CONVERSION = YES;
				CLANG_WARN_CONSTANT_CONVERSION = YES;
				CLANG_WARN_DIRECT_OBJC_ISA_USAGE = YES_ERROR;
				CLANG_WARN_EMPTY_BODY = YES;
				CLANG_WARN_ENUM_CONVERSION = YES;
				CLANG_WARN_INT_CONVERSION = YES;
				CLANG_WARN_OBJC_ROOT_CLASS = YES_ERROR;
				CLANG_WARN_UNREACHABLE_CODE = YES;
				CLANG_WARN__DUPLICATE_METHOD_MATCH = YES;
				"CODE_SIGN_IDENTITY[sdk=iphoneos*]" = "iPhone Developer";
				COPY_PHASE_STRIP = YES;
				ENABLE_NS_ASSERTIONS = NO;
				ENABLE_STRICT_OBJC_MSGSEND = YES;
				GCC_C_LANGUAGE_STANDARD = gnu99;
				GCC_WARN_64_TO_32_BIT_CONVERSION = YES;
				GCC_WARN_ABOUT_RETURN_TYPE = YES_ERROR;
				GCC_WARN_UNDECLARED_SELECTOR = YES;
				GCC_WARN_UNINITIALIZED_AUTOS = YES_AGGRESSIVE;
				GCC_WARN_UNUSED_FUNCTION = YES;
				GCC_WARN_UNUSED_VARIABLE = YES;
				IPHONEOS_DEPLOYMENT_TARGET = 8.1;
				MTL_ENABLE_DEBUG_INFO = NO;
				SDKROOT = iphoneos;
				VALIDATE_PRODUCT = YES;
			};
			name = Release;
		};
		9F7673001A286A7F0026E606 /* Debug */ = {
			isa = XCBuildConfiguration;
			baseConfigurationReference = 57FADD0C02FD1A9735EF3B85 /* Pods.debug.xcconfig */;
			buildSettings = {
				ASSETCATALOG_COMPILER_APPICON_NAME = AppIcon;
				GCC_PREFIX_HEADER = MultipleStoryboardsApp/PrefixHeader.pch;
				INFOPLIST_FILE = MultipleStoryboardsApp/Info.plist;
				LD_RUNPATH_SEARCH_PATHS = "$(inherited) @executable_path/Frameworks";
				PRODUCT_NAME = "$(TARGET_NAME)";
			};
			name = Debug;
		};
		9F7673011A286A7F0026E606 /* Release */ = {
			isa = XCBuildConfiguration;
			baseConfigurationReference = CD3136D3FAA1C7F01B7DC3FB /* Pods.release.xcconfig */;
			buildSettings = {
				ASSETCATALOG_COMPILER_APPICON_NAME = AppIcon;
				GCC_PREFIX_HEADER = MultipleStoryboardsApp/PrefixHeader.pch;
				INFOPLIST_FILE = MultipleStoryboardsApp/Info.plist;
				LD_RUNPATH_SEARCH_PATHS = "$(inherited) @executable_path/Frameworks";
				PRODUCT_NAME = "$(TARGET_NAME)";
			};
			name = Release;
		};
/* End XCBuildConfiguration section */

/* Begin XCConfigurationList section */
		9F7672D71A286A7F0026E606 /* Build configuration list for PBXProject "MultipleStoryboardsApp" */ = {
			isa = XCConfigurationList;
			buildConfigurations = (
				9F7672FD1A286A7F0026E606 /* Debug */,
				9F7672FE1A286A7F0026E606 /* Release */,
			);
			defaultConfigurationIsVisible = 0;
			defaultConfigurationName = Release;
		};
		9F7672FF1A286A7F0026E606 /* Build configuration list for PBXNativeTarget "MultipleStoryboardsApp" */ = {
			isa = XCConfigurationList;
			buildConfigurations = (
				9F7673001A286A7F0026E606 /* Debug */,
				9F7673011A286A7F0026E606 /* Release */,
			);
			defaultConfigurationIsVisible = 0;
			defaultConfigurationName = Release;
		};
/* End XCConfigurationList section */
	};
	rootObject = 9F7672D41A286A7F0026E606 /* Project object */;
}
